[[package]]
category = "dev"
description = "Atomic file writes."
marker = "sys_platform == \"win32\""
name = "atomicwrites"
optional = false
python-versions = ">=2.7, !=3.0.*, !=3.1.*, !=3.2.*, !=3.3.*"
version = "1.4.0"

[[package]]
category = "main"
description = "Classes Without Boilerplate"
name = "attrs"
optional = false
python-versions = ">=2.7, !=3.0.*, !=3.1.*, !=3.2.*, !=3.3.*"
version = "19.3.0"

[package.extras]
azure-pipelines = ["coverage", "hypothesis", "pympler", "pytest (>=4.3.0)", "six", "zope.interface", "pytest-azurepipelines"]
dev = ["coverage", "hypothesis", "pympler", "pytest (>=4.3.0)", "six", "zope.interface", "sphinx", "pre-commit"]
docs = ["sphinx", "zope.interface"]
tests = ["coverage", "hypothesis", "pympler", "pytest (>=4.3.0)", "six", "zope.interface"]

[[package]]
category = "main"
description = "The CDK Construct Library for AWS::Cloud9"
name = "aws-cdk-aws-cloud9"
optional = false
python-versions = ">=3.6"
version = "1.51.0"

[package.dependencies]
"aws-cdk.aws-codecommit" = "1.51.0"
"aws-cdk.aws-ec2" = "1.51.0"
"aws-cdk.core" = "1.51.0"
constructs = ">=3.0.2,<4.0.0"
jsii = ">=1.8.0,<2.0.0"
publication = ">=0.0.3"

[[package]]
category = "main"
description = "CDK Constructs for AWS DynamoDB"
name = "aws-cdk-aws-dynamodb"
optional = false
python-versions = ">=3.6"
version = "1.51.0"

[package.dependencies]
"aws-cdk.aws-applicationautoscaling" = "1.51.0"
"aws-cdk.aws-cloudwatch" = "1.51.0"
"aws-cdk.aws-iam" = "1.51.0"
"aws-cdk.aws-kms" = "1.51.0"
"aws-cdk.aws-lambda" = "1.51.0"
"aws-cdk.core" = "1.51.0"
"aws-cdk.custom-resources" = "1.51.0"
constructs = ">=3.0.2,<4.0.0"
jsii = ">=1.8.0,<2.0.0"
publication = ">=0.0.3"

[[package]]
category = "main"
description = "The CDK Construct Library for AWS::ECR"
name = "aws-cdk-aws-ecr"
optional = false
python-versions = ">=3.6"
version = "1.51.0"

[package.dependencies]
"aws-cdk.aws-events" = "1.51.0"
"aws-cdk.aws-iam" = "1.51.0"
"aws-cdk.core" = "1.51.0"
"aws-cdk.custom-resources" = "1.51.0"
constructs = ">=3.0.2,<4.0.0"
jsii = ">=1.8.0,<2.0.0"
publication = ">=0.0.3"

[[package]]
category = "main"
description = "The CDK Construct Library for AWS::EKS"
name = "aws-cdk-aws-eks"
optional = false
python-versions = ">=3.6"
version = "1.51.0"

[package.dependencies]
"aws-cdk.aws-autoscaling" = "1.51.0"
"aws-cdk.aws-ec2" = "1.51.0"
"aws-cdk.aws-iam" = "1.51.0"
"aws-cdk.aws-lambda" = "1.51.0"
"aws-cdk.aws-ssm" = "1.51.0"
"aws-cdk.core" = "1.51.0"
"aws-cdk.custom-resources" = "1.51.0"
constructs = ">=3.0.2,<4.0.0"
jsii = ">=1.8.0,<2.0.0"
publication = ">=0.0.3"

[[package]]
category = "main"
description = "Constructs for deploying contents to S3 buckets"
name = "aws-cdk-aws-s3-deployment"
optional = false
python-versions = ">=3.6"
version = "1.51.0"

[package.dependencies]
"aws-cdk.aws-cloudfront" = "1.51.0"
"aws-cdk.aws-iam" = "1.51.0"
"aws-cdk.aws-lambda" = "1.51.0"
"aws-cdk.aws-s3" = "1.51.0"
"aws-cdk.aws-s3-assets" = "1.51.0"
"aws-cdk.core" = "1.51.0"
constructs = ">=3.0.2,<4.0.0"
jsii = ">=1.8.0,<2.0.0"
publication = ">=0.0.3"

[[package]]
category = "main"
description = "AWS Cloud Development Kit Core Library"
name = "aws-cdk-core"
optional = false
python-versions = ">=3.6"
version = "1.51.0"

[package.dependencies]
"aws-cdk.cloud-assembly-schema" = "1.51.0"
"aws-cdk.cx-api" = "1.51.0"
constructs = ">=3.0.2,<4.0.0"
jsii = ">=1.8.0,<2.0.0"
publication = ">=0.0.3"

[[package]]
category = "main"
description = "This module is deprecated. All types are now available under the core module"
name = "aws-cdk.assets"
optional = false
python-versions = ">=3.6"
version = "1.51.0"

[package.dependencies]
"aws-cdk.core" = "1.51.0"
"aws-cdk.cx-api" = "1.51.0"
constructs = ">=3.0.2,<4.0.0"
jsii = ">=1.8.0,<2.0.0"
publication = ">=0.0.3"

[[package]]
category = "main"
description = "The CDK Construct Library for AWS::ApplicationAutoScaling"
name = "aws-cdk.aws-applicationautoscaling"
optional = false
python-versions = ">=3.6"
version = "1.51.0"

[package.dependencies]
"aws-cdk.aws-autoscaling-common" = "1.51.0"
"aws-cdk.aws-cloudwatch" = "1.51.0"
"aws-cdk.aws-iam" = "1.51.0"
"aws-cdk.core" = "1.51.0"
constructs = ">=3.0.2,<4.0.0"
jsii = ">=1.8.0,<2.0.0"
publication = ">=0.0.3"

[[package]]
category = "main"
description = "The CDK Construct Library for AWS::AutoScaling"
name = "aws-cdk.aws-autoscaling"
optional = false
python-versions = ">=3.6"
version = "1.51.0"

[package.dependencies]
"aws-cdk.aws-autoscaling-common" = "1.51.0"
"aws-cdk.aws-cloudwatch" = "1.51.0"
"aws-cdk.aws-ec2" = "1.51.0"
"aws-cdk.aws-elasticloadbalancing" = "1.51.0"
"aws-cdk.aws-elasticloadbalancingv2" = "1.51.0"
"aws-cdk.aws-iam" = "1.51.0"
"aws-cdk.aws-sns" = "1.51.0"
"aws-cdk.core" = "1.51.0"
constructs = ">=3.0.2,<4.0.0"
jsii = ">=1.8.0,<2.0.0"
publication = ">=0.0.3"

[[package]]
category = "main"
description = "Common implementation package for @aws-cdk/aws-autoscaling and @aws-cdk/aws-applicationautoscaling"
name = "aws-cdk.aws-autoscaling-common"
optional = false
python-versions = ">=3.6"
version = "1.51.0"

[package.dependencies]
"aws-cdk.aws-iam" = "1.51.0"
"aws-cdk.core" = "1.51.0"
constructs = ">=3.0.2,<4.0.0"
jsii = ">=1.8.0,<2.0.0"
publication = ">=0.0.3"

[[package]]
category = "main"
description = "The CDK Construct Library for AWS::CertificateManager"
name = "aws-cdk.aws-certificatemanager"
optional = false
python-versions = ">=3.6"
version = "1.51.0"

[package.dependencies]
"aws-cdk.aws-iam" = "1.51.0"
"aws-cdk.aws-lambda" = "1.51.0"
"aws-cdk.aws-route53" = "1.51.0"
"aws-cdk.core" = "1.51.0"
constructs = ">=3.0.2,<4.0.0"
jsii = ">=1.8.0,<2.0.0"
publication = ">=0.0.3"

[[package]]
category = "main"
description = "CDK Constructs for AWS CloudFormation"
name = "aws-cdk.aws-cloudformation"
optional = false
python-versions = ">=3.6"
version = "1.51.0"

[package.dependencies]
"aws-cdk.aws-iam" = "1.51.0"
"aws-cdk.aws-lambda" = "1.51.0"
"aws-cdk.aws-s3" = "1.51.0"
"aws-cdk.aws-sns" = "1.51.0"
"aws-cdk.core" = "1.51.0"
"aws-cdk.cx-api" = "1.51.0"
constructs = ">=3.0.2,<4.0.0"
jsii = ">=1.8.0,<2.0.0"
publication = ">=0.0.3"

[[package]]
category = "main"
description = "CDK Constructs for AWS CloudFront"
name = "aws-cdk.aws-cloudfront"
optional = false
python-versions = ">=3.6"
version = "1.51.0"

[package.dependencies]
"aws-cdk.aws-certificatemanager" = "1.51.0"
"aws-cdk.aws-iam" = "1.51.0"
"aws-cdk.aws-kms" = "1.51.0"
"aws-cdk.aws-lambda" = "1.51.0"
"aws-cdk.aws-s3" = "1.51.0"
"aws-cdk.core" = "1.51.0"
constructs = ">=3.0.2,<4.0.0"
jsii = ">=1.8.0,<2.0.0"
publication = ">=0.0.3"

[[package]]
category = "main"
description = "CDK Constructs for AWS CloudWatch"
name = "aws-cdk.aws-cloudwatch"
optional = false
python-versions = ">=3.6"
version = "1.51.0"

[package.dependencies]
"aws-cdk.aws-iam" = "1.51.0"
"aws-cdk.core" = "1.51.0"
constructs = ">=3.0.2,<4.0.0"
jsii = ">=1.8.0,<2.0.0"
publication = ">=0.0.3"

[[package]]
category = "main"
description = "CDK Constructs for AWS CodeCommit"
name = "aws-cdk.aws-codecommit"
optional = false
python-versions = ">=3.6"
version = "1.51.0"

[package.dependencies]
"aws-cdk.aws-events" = "1.51.0"
"aws-cdk.aws-iam" = "1.51.0"
"aws-cdk.core" = "1.51.0"
constructs = ">=3.0.2,<4.0.0"
jsii = ">=1.8.0,<2.0.0"
publication = ">=0.0.3"

[[package]]
category = "main"
description = "CDK Constructs for AWS EC2"
name = "aws-cdk.aws-ec2"
optional = false
python-versions = ">=3.6"
version = "1.51.0"

[package.dependencies]
"aws-cdk.aws-cloudwatch" = "1.51.0"
"aws-cdk.aws-iam" = "1.51.0"
"aws-cdk.aws-kms" = "1.51.0"
"aws-cdk.aws-logs" = "1.51.0"
"aws-cdk.aws-s3" = "1.51.0"
"aws-cdk.aws-ssm" = "1.51.0"
"aws-cdk.cloud-assembly-schema" = "1.51.0"
"aws-cdk.core" = "1.51.0"
"aws-cdk.cx-api" = "1.51.0"
"aws-cdk.region-info" = "1.51.0"
constructs = ">=3.0.2,<4.0.0"
jsii = ">=1.8.0,<2.0.0"
publication = ">=0.0.3"

[[package]]
category = "main"
description = "The CDK Construct Library for AWS::EFS"
name = "aws-cdk.aws-efs"
optional = false
python-versions = ">=3.6"
version = "1.51.0"

[package.dependencies]
"aws-cdk.aws-ec2" = "1.51.0"
"aws-cdk.aws-kms" = "1.51.0"
"aws-cdk.cloud-assembly-schema" = "1.51.0"
"aws-cdk.core" = "1.51.0"
"aws-cdk.cx-api" = "1.51.0"
constructs = ">=3.0.2,<4.0.0"
jsii = ">=1.8.0,<2.0.0"
publication = ">=0.0.3"

[[package]]
category = "main"
description = "CDK Constructs for AWS ElasticLoadBalancing"
name = "aws-cdk.aws-elasticloadbalancing"
optional = false
python-versions = ">=3.6"
version = "1.51.0"

[package.dependencies]
"aws-cdk.aws-ec2" = "1.51.0"
"aws-cdk.core" = "1.51.0"
constructs = ">=3.0.2,<4.0.0"
jsii = ">=1.8.0,<2.0.0"
publication = ">=0.0.3"

[[package]]
category = "main"
description = "The CDK Construct Library for AWS::ElasticLoadBalancingV2"
name = "aws-cdk.aws-elasticloadbalancingv2"
optional = false
python-versions = ">=3.6"
version = "1.51.0"

[package.dependencies]
"aws-cdk.aws-certificatemanager" = "1.51.0"
"aws-cdk.aws-cloudwatch" = "1.51.0"
"aws-cdk.aws-ec2" = "1.51.0"
"aws-cdk.aws-iam" = "1.51.0"
"aws-cdk.aws-lambda" = "1.51.0"
"aws-cdk.aws-s3" = "1.51.0"
"aws-cdk.core" = "1.51.0"
constructs = ">=3.0.2,<4.0.0"
jsii = ">=1.8.0,<2.0.0"
publication = ">=0.0.3"

[[package]]
category = "main"
description = "Amazon EventBridge Construct Library"
name = "aws-cdk.aws-events"
optional = false
python-versions = ">=3.6"
version = "1.51.0"

[package.dependencies]
"aws-cdk.aws-iam" = "1.51.0"
"aws-cdk.core" = "1.51.0"
constructs = ">=3.0.2,<4.0.0"
jsii = ">=1.8.0,<2.0.0"
publication = ">=0.0.3"

[[package]]
category = "main"
description = "CDK routines for easily assigning correct and minimal IAM permissions"
name = "aws-cdk.aws-iam"
optional = false
python-versions = ">=3.6"
version = "1.51.0"

[package.dependencies]
"aws-cdk.core" = "1.51.0"
"aws-cdk.region-info" = "1.51.0"
constructs = ">=3.0.2,<4.0.0"
jsii = ">=1.8.0,<2.0.0"
publication = ">=0.0.3"

[[package]]
category = "main"
description = "CDK Constructs for AWS KMS"
name = "aws-cdk.aws-kms"
optional = false
python-versions = ">=3.6"
version = "1.51.0"

[package.dependencies]
"aws-cdk.aws-iam" = "1.51.0"
"aws-cdk.core" = "1.51.0"
constructs = ">=3.0.2,<4.0.0"
jsii = ">=1.8.0,<2.0.0"
publication = ">=0.0.3"

[[package]]
category = "main"
description = "CDK Constructs for AWS Lambda"
name = "aws-cdk.aws-lambda"
optional = false
python-versions = ">=3.6"
version = "1.51.0"

[package.dependencies]
"aws-cdk.aws-cloudwatch" = "1.51.0"
"aws-cdk.aws-ec2" = "1.51.0"
"aws-cdk.aws-efs" = "1.51.0"
"aws-cdk.aws-events" = "1.51.0"
"aws-cdk.aws-iam" = "1.51.0"
"aws-cdk.aws-logs" = "1.51.0"
"aws-cdk.aws-s3" = "1.51.0"
"aws-cdk.aws-s3-assets" = "1.51.0"
"aws-cdk.aws-sqs" = "1.51.0"
"aws-cdk.core" = "1.51.0"
"aws-cdk.cx-api" = "1.51.0"
constructs = ">=3.0.2,<4.0.0"
jsii = ">=1.8.0,<2.0.0"
publication = ">=0.0.3"

[[package]]
category = "main"
description = "The CDK Construct Library for AWS::Logs"
name = "aws-cdk.aws-logs"
optional = false
python-versions = ">=3.6"
version = "1.51.0"

[package.dependencies]
"aws-cdk.aws-cloudwatch" = "1.51.0"
"aws-cdk.aws-iam" = "1.51.0"
"aws-cdk.core" = "1.51.0"
constructs = ">=3.0.2,<4.0.0"
jsii = ">=1.8.0,<2.0.0"
publication = ">=0.0.3"

[[package]]
category = "main"
description = "CDK Constructs for AWS Route53"
name = "aws-cdk.aws-route53"
optional = false
python-versions = ">=3.6"
version = "1.51.0"

[package.dependencies]
"aws-cdk.aws-ec2" = "1.51.0"
"aws-cdk.aws-logs" = "1.51.0"
"aws-cdk.cloud-assembly-schema" = "1.51.0"
"aws-cdk.core" = "1.51.0"
constructs = ">=3.0.2,<4.0.0"
jsii = ">=1.8.0,<2.0.0"
publication = ">=0.0.3"

[[package]]
category = "main"
description = "CDK Constructs for AWS S3"
name = "aws-cdk.aws-s3"
optional = false
python-versions = ">=3.6"
version = "1.51.0"

[package.dependencies]
"aws-cdk.aws-events" = "1.51.0"
"aws-cdk.aws-iam" = "1.51.0"
"aws-cdk.aws-kms" = "1.51.0"
"aws-cdk.core" = "1.51.0"
constructs = ">=3.0.2,<4.0.0"
jsii = ">=1.8.0,<2.0.0"
publication = ">=0.0.3"

[[package]]
category = "main"
description = "Deploy local files and directories to S3"
name = "aws-cdk.aws-s3-assets"
optional = false
python-versions = ">=3.6"
version = "1.51.0"

[package.dependencies]
"aws-cdk.assets" = "1.51.0"
"aws-cdk.aws-iam" = "1.51.0"
"aws-cdk.aws-kms" = "1.51.0"
"aws-cdk.aws-s3" = "1.51.0"
"aws-cdk.core" = "1.51.0"
"aws-cdk.cx-api" = "1.51.0"
constructs = ">=3.0.2,<4.0.0"
jsii = ">=1.8.0,<2.0.0"
publication = ">=0.0.3"

[[package]]
category = "main"
description = "CDK Constructs for AWS SNS"
name = "aws-cdk.aws-sns"
optional = false
python-versions = ">=3.6"
version = "1.51.0"

[package.dependencies]
"aws-cdk.aws-cloudwatch" = "1.51.0"
"aws-cdk.aws-events" = "1.51.0"
"aws-cdk.aws-iam" = "1.51.0"
"aws-cdk.aws-kms" = "1.51.0"
"aws-cdk.aws-sqs" = "1.51.0"
"aws-cdk.core" = "1.51.0"
constructs = ">=3.0.2,<4.0.0"
jsii = ">=1.8.0,<2.0.0"
publication = ">=0.0.3"

[[package]]
category = "main"
description = "CDK Constructs for AWS SQS"
name = "aws-cdk.aws-sqs"
optional = false
python-versions = ">=3.6"
version = "1.51.0"

[package.dependencies]
"aws-cdk.aws-cloudwatch" = "1.51.0"
"aws-cdk.aws-iam" = "1.51.0"
"aws-cdk.aws-kms" = "1.51.0"
"aws-cdk.core" = "1.51.0"
constructs = ">=3.0.2,<4.0.0"
jsii = ">=1.8.0,<2.0.0"
publication = ">=0.0.3"

[[package]]
category = "main"
description = "The CDK Construct Library for AWS::SSM"
name = "aws-cdk.aws-ssm"
optional = false
python-versions = ">=3.6"
version = "1.51.0"

[package.dependencies]
"aws-cdk.aws-iam" = "1.51.0"
"aws-cdk.aws-kms" = "1.51.0"
"aws-cdk.cloud-assembly-schema" = "1.51.0"
"aws-cdk.core" = "1.51.0"
constructs = ">=3.0.2,<4.0.0"
jsii = ">=1.8.0,<2.0.0"
publication = ">=0.0.3"

[[package]]
category = "main"
description = "Cloud Assembly Schema"
name = "aws-cdk.cloud-assembly-schema"
optional = false
python-versions = ">=3.6"
version = "1.51.0"

[package.dependencies]
jsii = ">=1.8.0,<2.0.0"
publication = ">=0.0.3"

[[package]]
category = "main"
description = "AWS Cloud Development Kit Core Library"
name = "aws-cdk.core"
optional = false
python-versions = ">=3.6"
version = "1.51.0"

[package.dependencies]
"aws-cdk.cloud-assembly-schema" = "1.51.0"
"aws-cdk.cx-api" = "1.51.0"
constructs = ">=3.0.2,<4.0.0"
jsii = ">=1.8.0,<2.0.0"
publication = ">=0.0.3"

[[package]]
category = "main"
description = "Constructs for implementing CDK custom resources"
name = "aws-cdk.custom-resources"
optional = false
python-versions = ">=3.6"
version = "1.51.0"

[package.dependencies]
"aws-cdk.aws-cloudformation" = "1.51.0"
"aws-cdk.aws-iam" = "1.51.0"
"aws-cdk.aws-lambda" = "1.51.0"
"aws-cdk.aws-logs" = "1.51.0"
"aws-cdk.aws-sns" = "1.51.0"
"aws-cdk.core" = "1.51.0"
constructs = ">=3.0.2,<4.0.0"
jsii = ">=1.8.0,<2.0.0"
publication = ">=0.0.3"

[[package]]
category = "main"
description = "Cloud executable protocol"
name = "aws-cdk.cx-api"
optional = false
python-versions = ">=3.6"
version = "1.51.0"

[package.dependencies]
"aws-cdk.cloud-assembly-schema" = "1.51.0"
jsii = ">=1.8.0,<2.0.0"
publication = ">=0.0.3"

[[package]]
category = "main"
description = "AWS region information, such as service principal names"
name = "aws-cdk.region-info"
optional = false
python-versions = ">=3.6"
version = "1.51.0"

[package.dependencies]
jsii = ">=1.8.0,<2.0.0"
publication = ">=0.0.3"

[[package]]
category = "main"
description = "The AWS SDK for Python"
name = "boto3"
optional = false
python-versions = "*"
version = "1.14.19"

[package.dependencies]
botocore = ">=1.17.19,<1.18.0"
jmespath = ">=0.7.1,<1.0.0"
s3transfer = ">=0.3.0,<0.4.0"

[[package]]
category = "main"
description = "Low-level, data-driven core of boto 3."
name = "botocore"
optional = false
python-versions = "*"
version = "1.17.19"

[package.dependencies]
docutils = ">=0.10,<0.16"
jmespath = ">=0.7.1,<1.0.0"
python-dateutil = ">=2.1,<3.0.0"

[package.dependencies.urllib3]
python = "<3.4.0 || >=3.5.0"
version = ">=1.20,<1.26"

[[package]]
category = "main"
description = "Composable complex class support for attrs."
name = "cattrs"
optional = false
python-versions = "*"
version = "1.0.0"

[package.dependencies]
attrs = ">=17.3"

[package.extras]
dev = ["bumpversion", "wheel", "watchdog", "flake8", "tox", "coverage", "sphinx", "pytest", "hypothesis", "pendulum"]

[[package]]
category = "dev"
description = "Cross-platform colored terminal text."
marker = "sys_platform == \"win32\""
name = "colorama"
optional = false
python-versions = ">=2.7, !=3.0.*, !=3.1.*, !=3.2.*, !=3.3.*, !=3.4.*"
version = "0.4.3"

[[package]]
category = "main"
description = "A programming model for composable configuration"
name = "constructs"
optional = false
python-versions = ">=3.6"
version = "3.0.4"

[package.dependencies]
jsii = ">=1.6.0,<2.0.0"
publication = ">=0.0.3"

[[package]]
category = "main"
description = "Docutils -- Python Documentation Utilities"
name = "docutils"
optional = false
python-versions = ">=2.6, !=3.0.*, !=3.1.*, !=3.2.*"
version = "0.15.2"

[[package]]
category = "dev"
description = "Read metadata from Python packages"
marker = "python_version < \"3.8\""
name = "importlib-metadata"
optional = false
python-versions = "!=3.0.*,!=3.1.*,!=3.2.*,!=3.3.*,!=3.4.*,>=2.7"
version = "1.7.0"

[package.dependencies]
zipp = ">=0.5"

[package.extras]
docs = ["sphinx", "rst.linker"]
testing = ["packaging", "pep517", "importlib-resources (>=1.3)"]

[[package]]
category = "main"
description = "Read resources from Python packages"
marker = "python_version < \"3.7\""
name = "importlib-resources"
optional = false
python-versions = "!=3.0.*,!=3.1.*,!=3.2.*,!=3.3.*,!=3.4.*,>=2.7"
version = "3.0.0"

[package.dependencies]
[package.dependencies.zipp]
python = "<3.8"
version = ">=0.4"

[package.extras]
docs = ["sphinx", "rst.linker", "jaraco.packaging"]

[[package]]
category = "main"
description = "JSON Matching Expressions"
name = "jmespath"
optional = false
python-versions = ">=2.6, !=3.0.*, !=3.1.*, !=3.2.*"
version = "0.10.0"

[[package]]
category = "main"
description = "Python client for jsii runtime"
name = "jsii"
optional = false
python-versions = ">=3.6"
version = "1.8.0"

[package.dependencies]
attrs = ">=19.3.0,<19.4.0"
cattrs = ">=1.0.0,<1.1.0"
python-dateutil = "*"
typing-extensions = ">=3.7.4,<3.8.0"

[package.dependencies.importlib-resources]
python = "<3.7"
version = "*"

[[package]]
category = "dev"
description = "More routines for operating on iterables, beyond itertools"
name = "more-itertools"
optional = false
python-versions = ">=3.5"
version = "8.4.0"

[[package]]
category = "dev"
description = "Core utilities for Python packages"
name = "packaging"
optional = false
python-versions = ">=2.7, !=3.0.*, !=3.1.*, !=3.2.*, !=3.3.*"
version = "20.4"

[package.dependencies]
pyparsing = ">=2.0.2"
six = "*"

[[package]]
category = "dev"
description = "plugin and hook calling mechanisms for python"
name = "pluggy"
optional = false
python-versions = ">=2.7, !=3.0.*, !=3.1.*, !=3.2.*, !=3.3.*"
version = "0.13.1"

[package.dependencies]
[package.dependencies.importlib-metadata]
python = "<3.8"
version = ">=0.12"

[package.extras]
dev = ["pre-commit", "tox"]

[[package]]
category = "main"
description = "Publication helps you maintain public-api-friendly modules by preventing unintentional access to private implementation details via introspection."
name = "publication"
optional = false
python-versions = "*"
version = "0.0.3"

[[package]]
category = "dev"
description = "library with cross-python path, ini-parsing, io, code, log facilities"
name = "py"
optional = false
python-versions = ">=2.7, !=3.0.*, !=3.1.*, !=3.2.*, !=3.3.*"
version = "1.9.0"

[[package]]
category = "dev"
description = "Python parsing module"
name = "pyparsing"
optional = false
python-versions = ">=2.6, !=3.0.*, !=3.1.*, !=3.2.*"
version = "2.4.7"

[[package]]
category = "dev"
description = "pytest: simple powerful testing with Python"
name = "pytest"
optional = false
python-versions = ">=3.5"
version = "5.4.3"

[package.dependencies]
atomicwrites = ">=1.0"
attrs = ">=17.4.0"
colorama = "*"
more-itertools = ">=4.0.0"
packaging = "*"
pluggy = ">=0.12,<1.0"
py = ">=1.5.0"
wcwidth = "*"

[package.dependencies.importlib-metadata]
python = "<3.8"
version = ">=0.12"

[package.extras]
checkqa-mypy = ["mypy (v0.761)"]
testing = ["argcomplete", "hypothesis (>=3.56)", "mock", "nose", "requests", "xmlschema"]

[[package]]
category = "main"
description = "Extensions to the standard Python datetime module"
name = "python-dateutil"
optional = false
python-versions = "!=3.0.*,!=3.1.*,!=3.2.*,>=2.7"
version = "2.8.1"

[package.dependencies]
six = ">=1.5"

[[package]]
category = "main"
description = "An Amazon S3 Transfer Manager"
name = "s3transfer"
optional = false
python-versions = "*"
version = "0.3.3"

[package.dependencies]
botocore = ">=1.12.36,<2.0a.0"

[[package]]
category = "main"
description = "Python 2 and 3 compatibility utilities"
name = "six"
optional = false
python-versions = ">=2.7, !=3.0.*, !=3.1.*, !=3.2.*"
version = "1.15.0"

[[package]]
category = "main"
description = "Backported and Experimental Type Hints for Python 3.5+"
name = "typing-extensions"
optional = false
python-versions = "*"
version = "3.7.4.2"

[[package]]
category = "main"
description = "HTTP library with thread-safe connection pooling, file post, and more."
marker = "python_version != \"3.4\""
name = "urllib3"
optional = false
python-versions = ">=2.7, !=3.0.*, !=3.1.*, !=3.2.*, !=3.3.*, !=3.4.*, <4"
version = "1.25.9"

[package.extras]
brotli = ["brotlipy (>=0.6.0)"]
secure = ["certifi", "cryptography (>=1.3.4)", "idna (>=2.0.0)", "pyOpenSSL (>=0.14)", "ipaddress"]
socks = ["PySocks (>=1.5.6,<1.5.7 || >1.5.7,<2.0)"]

[[package]]
category = "dev"
description = "Measures the displayed width of unicode strings in a terminal"
name = "wcwidth"
optional = false
python-versions = "*"
version = "0.2.5"

[[package]]
category = "main"
description = "Backport of pathlib-compatible object wrapper for zip files"
marker = "python_version < \"3.8\""
name = "zipp"
optional = false
python-versions = ">=3.6"
version = "3.1.0"

[package.extras]
docs = ["sphinx", "jaraco.packaging (>=3.2)", "rst.linker (>=1.9)"]
testing = ["jaraco.itertools", "func-timeout"]

[metadata]
content-hash = "efabad61e327c4a32f9e7b7d1cce843ff0cb8ce1f4c223ba58ca5d7f6164a120"
python-versions = "^3.6"

[metadata.files]
atomicwrites = [
    {file = "atomicwrites-1.4.0-py2.py3-none-any.whl", hash = "sha256:6d1784dea7c0c8d4a5172b6c620f40b6e4cbfdf96d783691f2e1302a7b88e197"},
    {file = "atomicwrites-1.4.0.tar.gz", hash = "sha256:ae70396ad1a434f9c7046fd2dd196fc04b12f9e91ffb859164193be8b6168a7a"},
]
attrs = [
    {file = "attrs-19.3.0-py2.py3-none-any.whl", hash = "sha256:08a96c641c3a74e44eb59afb61a24f2cb9f4d7188748e76ba4bb5edfa3cb7d1c"},
    {file = "attrs-19.3.0.tar.gz", hash = "sha256:f7b7ce16570fe9965acd6d30101a28f62fb4a7f9e926b3bbc9b61f8b04247e72"},
]
aws-cdk-aws-cloud9 = [
    {file = "aws-cdk.aws-cloud9-1.51.0.tar.gz", hash = "sha256:e2384d44bd73806b4e200f9ed668598dea6148a6a59f09fbaa7ca7b3c0c31dfe"},
    {file = "aws_cdk.aws_cloud9-1.51.0-py3-none-any.whl", hash = "sha256:dbe115653d5199ce8864fa6b89aaae4bc30d7504eb41b1a39bd7377266d14320"},
]
aws-cdk-aws-dynamodb = [
    {file = "aws-cdk.aws-dynamodb-1.51.0.tar.gz", hash = "sha256:a4594807bf93285310370088f07139f0d18e9f0e9f21f4a6080ad4401d85338b"},
    {file = "aws_cdk.aws_dynamodb-1.51.0-py3-none-any.whl", hash = "sha256:e67b83ded04d68a1b69b23216e5541aff4d4e74bd526735783fd76ffcf0d779a"},
]
aws-cdk-aws-ecr = [
    {file = "aws-cdk.aws-ecr-1.51.0.tar.gz", hash = "sha256:9bbdff56b827dd7a61e6c3f6f22b726ad2cbad46144edb665d908d3ca234fec7"},
    {file = "aws_cdk.aws_ecr-1.51.0-py3-none-any.whl", hash = "sha256:f5e933aa7fc5fe04793449791726528bbb799d5d06536b4ba5207ca6f636b2c2"},
]
aws-cdk-aws-eks = [
    {file = "aws-cdk.aws-eks-1.51.0.tar.gz", hash = "sha256:b574d6856a1c106529d80a63875cffeecf80fee5fe5fff4dc278e5818d016301"},
    {file = "aws_cdk.aws_eks-1.51.0-py3-none-any.whl", hash = "sha256:710b8d5fa44f2d4888cdbb1e2f613babc4751bca7f10810ba293d67a6dfb40ef"},
]
aws-cdk-aws-s3-deployment = [
    {file = "aws-cdk.aws-s3-deployment-1.51.0.tar.gz", hash = "sha256:59d1add009fbc5f93fe8fa633b72908d87648227e9f41d9a0aab57169f50de28"},
    {file = "aws_cdk.aws_s3_deployment-1.51.0-py3-none-any.whl", hash = "sha256:9568f3e0b6b96d6e4ebc5ebc5776dc72099b67e7ab10d6f797557508ef7478a7"},
]
aws-cdk-core = [
    {file = "aws-cdk.core-1.51.0.tar.gz", hash = "sha256:ced2df5554a5d4938d1196367da10f9bdfdf3dc55a20c807d78a18c74e60cf15"},
    {file = "aws_cdk.core-1.51.0-py3-none-any.whl", hash = "sha256:6d5368ca40cb26c32e51e5202133940cdd24e52c5f3525b516243f22693a8daa"},
]
"aws-cdk.assets" = [
    {file = "aws-cdk.assets-1.51.0.tar.gz", hash = "sha256:bc374632690d7f5ccc2533c778ed0f542dacc50136af3eda29773446e5cffa61"},
    {file = "aws_cdk.assets-1.51.0-py3-none-any.whl", hash = "sha256:8add1c88b1f3c783be5b5ae5851c57393a555ffa351d8fb91c4e4a9d4d810f95"},
]
"aws-cdk.aws-applicationautoscaling" = [
    {file = "aws-cdk.aws-applicationautoscaling-1.51.0.tar.gz", hash = "sha256:7248eeb774c72bbfb8efa85da641b124e495c63f0d643bb9b37e4e297385754c"},
    {file = "aws_cdk.aws_applicationautoscaling-1.51.0-py3-none-any.whl", hash = "sha256:5b220a6ad91f156dcfc28d9dc0e30bd4887bd98edb401197d34af014b4a08663"},
]
"aws-cdk.aws-autoscaling" = [
    {file = "aws-cdk.aws-autoscaling-1.51.0.tar.gz", hash = "sha256:d789eab7ed8eed7f5d0b68abb9e236f9809ec9ff6bf4b08b86639c391c409f50"},
    {file = "aws_cdk.aws_autoscaling-1.51.0-py3-none-any.whl", hash = "sha256:31d7966c024740a0daa0d8376d8f3cfe577a51420d08b09b153ad8a1c750bb41"},
]
"aws-cdk.aws-autoscaling-common" = [
    {file = "aws-cdk.aws-autoscaling-common-1.51.0.tar.gz", hash = "sha256:8eb84241546d80347cd898ff3e8e371ee7d48e0c805b99666b5f2c7560025586"},
    {file = "aws_cdk.aws_autoscaling_common-1.51.0-py3-none-any.whl", hash = "sha256:bd291b6b39c9324c9e82d36b70ba9e1f1624c587c1e4dd23533a0516018fb6fe"},
]
"aws-cdk.aws-certificatemanager" = [
    {file = "aws-cdk.aws-certificatemanager-1.51.0.tar.gz", hash = "sha256:f2b97f51b91441f4a868099c3e4e181cb27548a0c8548a0359227b51b1464129"},
    {file = "aws_cdk.aws_certificatemanager-1.51.0-py3-none-any.whl", hash = "sha256:6818c45826356d6ef2009a84f5f95447c2f5c007c05668d20a4ba2dd96d2695c"},
]
"aws-cdk.aws-cloudformation" = [
    {file = "aws-cdk.aws-cloudformation-1.51.0.tar.gz", hash = "sha256:63d654b931abbfe0ac9751145a01c125cbb272edd887314b1c52c6555d0d8451"},
    {file = "aws_cdk.aws_cloudformation-1.51.0-py3-none-any.whl", hash = "sha256:19c0983294fffcb2b1160ec4eb9e4ef81a75acd223245f0512a895d43f44cc1b"},
]
"aws-cdk.aws-cloudfront" = [
    {file = "aws-cdk.aws-cloudfront-1.51.0.tar.gz", hash = "sha256:e630982d5cbb6389538693558c0b74f90bcbfb495966df1e19e539e04966df38"},
    {file = "aws_cdk.aws_cloudfront-1.51.0-py3-none-any.whl", hash = "sha256:7539c7748dd35194da651e6072ea6448b1c68bd58b626867f8c34abe8de24f04"},
]
"aws-cdk.aws-cloudwatch" = [
    {file = "aws-cdk.aws-cloudwatch-1.51.0.tar.gz", hash = "sha256:04da55a1f2fc4eaa6e18137669e79ab456c2d829dd2371f1898127e3e8fba9fc"},
    {file = "aws_cdk.aws_cloudwatch-1.51.0-py3-none-any.whl", hash = "sha256:9133d07cbc9d23d12fd629f8f3307a59f55a3cd5eab5ba48ceca4737d5a1fbfb"},
]
"aws-cdk.aws-codecommit" = [
    {file = "aws-cdk.aws-codecommit-1.51.0.tar.gz", hash = "sha256:6b178f938d71b191d6685b65c3f130ab47ad637997970bf748e83e335f044d08"},
    {file = "aws_cdk.aws_codecommit-1.51.0-py3-none-any.whl", hash = "sha256:28227533e576d695ba1aa35c42336e8a447fd406c28b08b1fc4d7944792a7c6d"},
]
"aws-cdk.aws-ec2" = [
    {file = "aws-cdk.aws-ec2-1.51.0.tar.gz", hash = "sha256:5d7e49ccd168d5e786903d27efcec00f257829e9402bb78fe372deaeedc0780e"},
    {file = "aws_cdk.aws_ec2-1.51.0-py3-none-any.whl", hash = "sha256:b4c379d374b0fe30e0023c6baf5d8d7ff724077b81efe12878eb1ac9c6e4ec5e"},
]
"aws-cdk.aws-efs" = [
    {file = "aws-cdk.aws-efs-1.51.0.tar.gz", hash = "sha256:f822210b2255be03163a1a33f33e62503b40f2e944821677c7f9da5187d9a89a"},
    {file = "aws_cdk.aws_efs-1.51.0-py3-none-any.whl", hash = "sha256:f2eb6bf9ca5c5dcc1f87677c7e583f8edd97769163c47af11874c42db0e3da14"},
]
"aws-cdk.aws-elasticloadbalancing" = [
    {file = "aws-cdk.aws-elasticloadbalancing-1.51.0.tar.gz", hash = "sha256:8d39b8c7f9d7d520708510c857f829adf97988709788550d3198fc8a75db989e"},
    {file = "aws_cdk.aws_elasticloadbalancing-1.51.0-py3-none-any.whl", hash = "sha256:31b43c08c90697015d70e07606b08cab36f18a793aba4c85aa6f27845f93f637"},
]
"aws-cdk.aws-elasticloadbalancingv2" = [
    {file = "aws-cdk.aws-elasticloadbalancingv2-1.51.0.tar.gz", hash = "sha256:58aef4beac8333c3c6867757e6b6ecba379d881a2bdf6e658885ccdec1992445"},
    {file = "aws_cdk.aws_elasticloadbalancingv2-1.51.0-py3-none-any.whl", hash = "sha256:946459cf743df2a17729777f0c601cb34e8c86e63150147f382d9315d08ac215"},
]
"aws-cdk.aws-events" = [
    {file = "aws-cdk.aws-events-1.51.0.tar.gz", hash = "sha256:f513455b1a0aa99dffd2051d4c06a732f653b94fe85b5feabb4f5d765fc4f373"},
    {file = "aws_cdk.aws_events-1.51.0-py3-none-any.whl", hash = "sha256:517ff4593d79f27f31cce0f149ebe62c2f0ed2ec7b436e188b8b1b78f9278c5c"},
]
"aws-cdk.aws-iam" = [
    {file = "aws-cdk.aws-iam-1.51.0.tar.gz", hash = "sha256:83a4b70af3a7f3d579a73fd6f8d19949f18f9612cb432d1677c9fd3cdc8e8bda"},
    {file = "aws_cdk.aws_iam-1.51.0-py3-none-any.whl", hash = "sha256:e0ed0e6d7c5f515eb9bde17048cfe87a74764995d9b23c01c0dfd1538c130d0c"},
]
"aws-cdk.aws-kms" = [
    {file = "aws-cdk.aws-kms-1.51.0.tar.gz", hash = "sha256:7475be3d7f55174fb3d5f5340cf02b4e2dce701f7209a984f3c441f5ca90722d"},
    {file = "aws_cdk.aws_kms-1.51.0-py3-none-any.whl", hash = "sha256:9458846d6eaeeecad0c71e1ea3c503d8c842e8fc5dd82c335734036a032f038a"},
]
"aws-cdk.aws-lambda" = [
    {file = "aws-cdk.aws-lambda-1.51.0.tar.gz", hash = "sha256:73cb21518732156ebb403aeffdf858a96ec9d39d0511a7f310587e72c1ef08c5"},
    {file = "aws_cdk.aws_lambda-1.51.0-py3-none-any.whl", hash = "sha256:a9322cc0bab2cfae8f71c555b29955ca80430ac4a948fa137e0857e1aaa1d381"},
]
"aws-cdk.aws-logs" = [
    {file = "aws-cdk.aws-logs-1.51.0.tar.gz", hash = "sha256:950d87391dae3de18162fb7a243df2a355692ca93a6773a6dd4bb7aa076a36ce"},
    {file = "aws_cdk.aws_logs-1.51.0-py3-none-any.whl", hash = "sha256:bc15cb11f399da9fb892af14d2c68004a5d736bae80dcfb505626c6d5d71e982"},
]
"aws-cdk.aws-route53" = [
    {file = "aws-cdk.aws-route53-1.51.0.tar.gz", hash = "sha256:42665d47ae60fbf0ef6f805accd8f7a45b80a0afd1205c27f51463b522fb188c"},
    {file = "aws_cdk.aws_route53-1.51.0-py3-none-any.whl", hash = "sha256:b08c7c4221b4890e0e84471d08ef6440842ec8f7accea6db2c39daefdc59610d"},
]
"aws-cdk.aws-s3" = [
    {file = "aws-cdk.aws-s3-1.51.0.tar.gz", hash = "sha256:7b24d660e8d8112cd340daaef571ceea9a992af7c33ae0954c86573342416e16"},
    {file = "aws_cdk.aws_s3-1.51.0-py3-none-any.whl", hash = "sha256:83a0b60d7d14ee1b6a1d1a95ada6a5ae439ee9f9a238f85a040c81ae3d94d47f"},
]
"aws-cdk.aws-s3-assets" = [
    {file = "aws-cdk.aws-s3-assets-1.51.0.tar.gz", hash = "sha256:6f1e75938c85d763f191334172eb727fb996f54cb91bc8d59b722416ee4b1901"},
    {file = "aws_cdk.aws_s3_assets-1.51.0-py3-none-any.whl", hash = "sha256:2c4ee3e8997a359c2643a47739c7b9c02ecb2092fdd5ba7eb76d3a116b820e5b"},
]
"aws-cdk.aws-sns" = [
    {file = "aws-cdk.aws-sns-1.51.0.tar.gz", hash = "sha256:2e3704333bbde537ad355ed54f406872fc229e32c2ab2e8eb48f5075e9ba86dd"},
    {file = "aws_cdk.aws_sns-1.51.0-py3-none-any.whl", hash = "sha256:935b47c3fe3e14e782147a12e6e1a3138a902cf8eb48567bdeda0fae751e3038"},
]
"aws-cdk.aws-sqs" = [
    {file = "aws-cdk.aws-sqs-1.51.0.tar.gz", hash = "sha256:ac9c66fb93df4845f06937abb6eef1e0a20c015f6c75f1918306bd10eb3d405b"},
    {file = "aws_cdk.aws_sqs-1.51.0-py3-none-any.whl", hash = "sha256:330075d59b82faf2f9f14cc37de2ceedfecfe12001599712a94071b833c83943"},
]
"aws-cdk.aws-ssm" = [
    {file = "aws-cdk.aws-ssm-1.51.0.tar.gz", hash = "sha256:68e5f73b4507f338e88b7b3001f802b857bcc93ea67c70bb68ba2903cdb8e2b2"},
    {file = "aws_cdk.aws_ssm-1.51.0-py3-none-any.whl", hash = "sha256:1c489d86516d311b833ad0e9d12fb78d46b8dd4786bdd4426fae676dd0248cac"},
]
"aws-cdk.cloud-assembly-schema" = [
    {file = "aws-cdk.cloud-assembly-schema-1.51.0.tar.gz", hash = "sha256:be973c8f4a7d6aeb51e175f8bc76cd820a108146396e1087aa7d0f6f3ac496a3"},
    {file = "aws_cdk.cloud_assembly_schema-1.51.0-py3-none-any.whl", hash = "sha256:3e9e0d3c0a09bab79edf47b931da7cbcfed1c7749f3f4c9fa7803f319c44eee9"},
]
"aws-cdk.core" = [
    {file = "aws-cdk.core-1.51.0.tar.gz", hash = "sha256:ced2df5554a5d4938d1196367da10f9bdfdf3dc55a20c807d78a18c74e60cf15"},
    {file = "aws_cdk.core-1.51.0-py3-none-any.whl", hash = "sha256:6d5368ca40cb26c32e51e5202133940cdd24e52c5f3525b516243f22693a8daa"},
]
"aws-cdk.custom-resources" = [
    {file = "aws-cdk.custom-resources-1.51.0.tar.gz", hash = "sha256:eebac389c9f62ba9a3831318f7de0406bcd979f33fbae259564d12d1069700f6"},
    {file = "aws_cdk.custom_resources-1.51.0-py3-none-any.whl", hash = "sha256:bde0bdc52df99b5aa306a200cf141e16308b6a12d6aeadbbb4d09ce9e173bfd6"},
]
"aws-cdk.cx-api" = [
    {file = "aws-cdk.cx-api-1.51.0.tar.gz", hash = "sha256:06592ea123786cdbca1a3d961cc8019b28b6634055363cfff2576dbf4688e634"},
    {file = "aws_cdk.cx_api-1.51.0-py3-none-any.whl", hash = "sha256:cceb0d58aac61cdd7b901718c0cc6fe669b459c19e386cf46692a3e6fdd264e0"},
]
"aws-cdk.region-info" = [
    {file = "aws-cdk.region-info-1.51.0.tar.gz", hash = "sha256:8bf0b1ec8dba180bddb0ab77ede075240fac875d1a567d1ae159827454a80820"},
    {file = "aws_cdk.region_info-1.51.0-py3-none-any.whl", hash = "sha256:a9256ed3bd23846da3b24cd463bb3ee1855a99fef7386106547a9683d85dcd3b"},
]
boto3 = [
    {file = "boto3-1.14.19-py2.py3-none-any.whl", hash = "sha256:1776200c04152dd308e297cd18abb183d93383587dca358a768155507f15965b"},
    {file = "boto3-1.14.19.tar.gz", hash = "sha256:944c02dbf96dbaf52498acdbea60d4eb2aa717f40a797f86f8d47d8905e02441"},
]
botocore = [
    {file = "botocore-1.17.19-py2.py3-none-any.whl", hash = "sha256:7890e83cd28967f854fd54d6c8bdb009868aec1c31a71dcc82e4577562f1affb"},
    {file = "botocore-1.17.19.tar.gz", hash = "sha256:4eef7d38de1bee3bb60a66d53a73d47ec5ea30d3d43befa90840ba1d52791971"},
]
cattrs = [
    {file = "cattrs-1.0.0-py2.py3-none-any.whl", hash = "sha256:616972ae3dfa6e623a40ad3cb845420e64942989152774ab055e5c2b2f89f997"},
    {file = "cattrs-1.0.0.tar.gz", hash = "sha256:b7ab5cf8ad127c42eefd01410c1c6e28569a45a255ea80ed968511873c433c7a"},
]
colorama = [
    {file = "colorama-0.4.3-py2.py3-none-any.whl", hash = "sha256:7d73d2a99753107a36ac6b455ee49046802e59d9d076ef8e47b61499fa29afff"},
    {file = "colorama-0.4.3.tar.gz", hash = "sha256:e96da0d330793e2cb9485e9ddfd918d456036c7149416295932478192f4436a1"},
]
constructs = [
    {file = "constructs-3.0.4-py3-none-any.whl", hash = "sha256:9740f25c67d19f3c710c85f298ebfd1d109f9fd54d0ec0b869a87b4c1554da3e"},
    {file = "constructs-3.0.4.tar.gz", hash = "sha256:edb1a78e8780f24046f8945a6f0101406f5b2106f9d93d833e61ca34dc8b980d"},
]
docutils = [
    {file = "docutils-0.15.2-py2-none-any.whl", hash = "sha256:9e4d7ecfc600058e07ba661411a2b7de2fd0fafa17d1a7f7361cd47b1175c827"},
    {file = "docutils-0.15.2-py3-none-any.whl", hash = "sha256:6c4f696463b79f1fb8ba0c594b63840ebd41f059e92b31957c46b74a4599b6d0"},
    {file = "docutils-0.15.2.tar.gz", hash = "sha256:a2aeea129088da402665e92e0b25b04b073c04b2dce4ab65caaa38b7ce2e1a99"},
]
importlib-metadata = [
    {file = "importlib_metadata-1.7.0-py2.py3-none-any.whl", hash = "sha256:dc15b2969b4ce36305c51eebe62d418ac7791e9a157911d58bfb1f9ccd8e2070"},
    {file = "importlib_metadata-1.7.0.tar.gz", hash = "sha256:90bb658cdbbf6d1735b6341ce708fc7024a3e14e99ffdc5783edea9f9b077f83"},
]
importlib-resources = [
    {file = "importlib_resources-3.0.0-py2.py3-none-any.whl", hash = "sha256:d028f66b66c0d5732dae86ba4276999855e162a749c92620a38c1d779ed138a7"},
    {file = "importlib_resources-3.0.0.tar.gz", hash = "sha256:19f745a6eca188b490b1428c8d1d4a0d2368759f32370ea8fb89cad2ab1106c3"},
]
jmespath = [
    {file = "jmespath-0.10.0-py2.py3-none-any.whl", hash = "sha256:cdf6525904cc597730141d61b36f2e4b8ecc257c420fa2f4549bac2c2d0cb72f"},
    {file = "jmespath-0.10.0.tar.gz", hash = "sha256:b85d0567b8666149a93172712e68920734333c0ce7e89b78b3e987f71e5ed4f9"},
]
jsii = [
    {file = "jsii-1.8.0-py3-none-any.whl", hash = "sha256:22f6dbf32103dc885fceb69111b93f7dc919c9cad063ccf2264887acf1c63425"},
    {file = "jsii-1.8.0.tar.gz", hash = "sha256:3a6ada40244ca708ea061997bb841186e28435a2c7d362f3929f1f53bb1479e8"},
]
more-itertools = [
    {file = "more-itertools-8.4.0.tar.gz", hash = "sha256:68c70cc7167bdf5c7c9d8f6954a7837089c6a36bf565383919bb595efb8a17e5"},
    {file = "more_itertools-8.4.0-py3-none-any.whl", hash = "sha256:b78134b2063dd214000685165d81c154522c3ee0a1c0d4d113c80361c234c5a2"},
]
packaging = [
    {file = "packaging-20.4-py2.py3-none-any.whl", hash = "sha256:998416ba6962ae7fbd6596850b80e17859a5753ba17c32284f67bfff33784181"},
    {file = "packaging-20.4.tar.gz", hash = "sha256:4357f74f47b9c12db93624a82154e9b120fa8293699949152b22065d556079f8"},
]
pluggy = [
    {file = "pluggy-0.13.1-py2.py3-none-any.whl", hash = "sha256:966c145cd83c96502c3c3868f50408687b38434af77734af1e9ca461a4081d2d"},
    {file = "pluggy-0.13.1.tar.gz", hash = "sha256:15b2acde666561e1298d71b523007ed7364de07029219b604cf808bfa1c765b0"},
]
publication = [
    {file = "publication-0.0.3-py2.py3-none-any.whl", hash = "sha256:0248885351febc11d8a1098d5c8e3ab2dabcf3e8c0c96db1e17ecd12b53afbe6"},
    {file = "publication-0.0.3.tar.gz", hash = "sha256:68416a0de76dddcdd2930d1c8ef853a743cc96c82416c4e4d3b5d901c6276dc4"},
]
py = [
    {file = "py-1.9.0-py2.py3-none-any.whl", hash = "sha256:366389d1db726cd2fcfc79732e75410e5fe4d31db13692115529d34069a043c2"},
    {file = "py-1.9.0.tar.gz", hash = "sha256:9ca6883ce56b4e8da7e79ac18787889fa5206c79dcc67fb065376cd2fe03f342"},
]
pyparsing = [
    {file = "pyparsing-2.4.7-py2.py3-none-any.whl", hash = "sha256:ef9d7589ef3c200abe66653d3f1ab1033c3c419ae9b9bdb1240a85b024efc88b"},
    {file = "pyparsing-2.4.7.tar.gz", hash = "sha256:c203ec8783bf771a155b207279b9bccb8dea02d8f0c9e5f8ead507bc3246ecc1"},
]
pytest = [
    {file = "pytest-5.4.3-py3-none-any.whl", hash = "sha256:5c0db86b698e8f170ba4582a492248919255fcd4c79b1ee64ace34301fb589a1"},
    {file = "pytest-5.4.3.tar.gz", hash = "sha256:7979331bfcba207414f5e1263b5a0f8f521d0f457318836a7355531ed1a4c7d8"},
]
python-dateutil = [
    {file = "python-dateutil-2.8.1.tar.gz", hash = "sha256:73ebfe9dbf22e832286dafa60473e4cd239f8592f699aa5adaf10050e6e1823c"},
    {file = "python_dateutil-2.8.1-py2.py3-none-any.whl", hash = "sha256:75bb3f31ea686f1197762692a9ee6a7550b59fc6ca3a1f4b5d7e32fb98e2da2a"},
]
s3transfer = [
    {file = "s3transfer-0.3.3-py2.py3-none-any.whl", hash = "sha256:2482b4259524933a022d59da830f51bd746db62f047d6eb213f2f8855dcb8a13"},
    {file = "s3transfer-0.3.3.tar.gz", hash = "sha256:921a37e2aefc64145e7b73d50c71bb4f26f46e4c9f414dc648c6245ff92cf7db"},
]
six = [
    {file = "six-1.15.0-py2.py3-none-any.whl", hash = "sha256:8b74bedcbbbaca38ff6d7491d76f2b06b3592611af620f8426e82dddb04a5ced"},
    {file = "six-1.15.0.tar.gz", hash = "sha256:30639c035cdb23534cd4aa2dd52c3bf48f06e5f4a941509c8bafd8ce11080259"},
]
typing-extensions = [
    {file = "typing_extensions-3.7.4.2-py2-none-any.whl", hash = "sha256:f8d2bd89d25bc39dabe7d23df520442fa1d8969b82544370e03d88b5a591c392"},
    {file = "typing_extensions-3.7.4.2-py3-none-any.whl", hash = "sha256:6e95524d8a547a91e08f404ae485bbb71962de46967e1b71a0cb89af24e761c5"},
    {file = "typing_extensions-3.7.4.2.tar.gz", hash = "sha256:79ee589a3caca649a9bfd2a8de4709837400dfa00b6cc81962a1e6a1815969ae"},
]
urllib3 = [
    {file = "urllib3-1.25.9-py2.py3-none-any.whl", hash = "sha256:88206b0eb87e6d677d424843ac5209e3fb9d0190d0ee169599165ec25e9d9115"},
    {file = "urllib3-1.25.9.tar.gz", hash = "sha256:3018294ebefce6572a474f0604c2021e33b3fd8006ecd11d62107a5d2a963527"},
]
wcwidth = [
    {file = "wcwidth-0.2.5-py2.py3-none-any.whl", hash = "sha256:beb4802a9cebb9144e99086eff703a642a13d6a0052920003a230f3294bbe784"},
    {file = "wcwidth-0.2.5.tar.gz", hash = "sha256:c4d647b99872929fdb7bdcaa4fbe7f01413ed3d98077df798530e5b04f116c83"},
]
zipp = [
    {file = "zipp-3.1.0-py3-none-any.whl", hash = "sha256:aa36550ff0c0b7ef7fa639055d797116ee891440eac1a56f378e2d3179e0320b"},
    {file = "zipp-3.1.0.tar.gz", hash = "sha256:c599e4d75c98f6798c509911d08a22e6c021d074469042177c8c86fb92eefd96"},
]
